
Microsoft Visual Studio Solution File, Format Version 12.00
# Visual Studio Version 17
VisualStudioVersion = 17.14.36414.22
MinimumVisualStudioVersion = 10.0.40219.1
Project("{FAE04EC0-301F-11D3-BF4B-00C04F79EFBC}") = "BlacksmithStore", "BlacksmithStore\BlacksmithStore.csproj", "{1F5B6BBF-0939-465E-9AA8-D8A593A22D23}"
EndProject
Global
	GlobalSection(SolutionConfigurationPlatforms) = preSolution
		Debug|Any CPU = Debug|Any CPU
		Debug|x64 = Debug|x64
		Release|Any CPU = Release|Any CPU
		Release|x64 = Release|x64
	EndGlobalSection
	GlobalSection(ProjectConfigurationPlatforms) = postSolution
		{1F5B6BBF-0939-465E-9AA8-D8A593A22D23}.Debug|Any CPU.ActiveCfg = Debug|Any CPU
		{1F5B6BBF-0939-465E-9AA8-D8A593A22D23}.Debug|Any CPU.Build.0 = Debug|Any CPU
		{1F5B6BBF-0939-465E-9AA8-D8A593A22D23}.Debug|x64.ActiveCfg = Debug|x64
		{1F5B6BBF-0939-465E-9AA8-D8A593A22D23}.Debug|x64.Build.0 = Debug|x64
		{1F5B6BBF-0939-465E-9AA8-D8A593A22D23}.Release|Any CPU.ActiveCfg = Release|Any CPU
		{1F5B6BBF-0939-465E-9AA8-D8A593A22D23}.Release|Any CPU.Build.0 = Release|Any CPU
		{1F5B6BBF-0939-465E-9AA8-D8A593A22D23}.Release|x64.ActiveCfg = Release|x64
		{1F5B6BBF-0939-465E-9AA8-D8A593A22D23}.Release|x64.Build.0 = Release|x64
	EndGlobalSection
	GlobalSection(SolutionProperties) = preSolution
		HideSolutionNode = FALSE
	EndGlobalSection
	GlobalSection(ExtensibilityGlobals) = postSolution
		SolutionGuid = {2C8E2054-7076-44F6-91AF-4A312B0046CA}
	EndGlobalSection
EndGlobal
